// !$*UTF8*$!
{
	archiveVersion = 1;
	classes = {
	};
	objectVersion = 56;
	objects = {

/* Begin PBXBuildFile section */
		E45563412AA07A72000307DE /* DetailsViewModel.swift in Sources */ = {isa = PBXBuildFile; fileRef = E45563402AA07A72000307DE /* DetailsViewModel.swift */; };
		E45563432AA09C0C000307DE /* DataManager.swift in Sources */ = {isa = PBXBuildFile; fileRef = E45563422AA09C0C000307DE /* DataManager.swift */; };
		E49126752A9E491A0042F687 /* Alamofire in Frameworks */ = {isa = PBXBuildFile; productRef = E49126742A9E491A0042F687 /* Alamofire */; };
		E4F6C1EF2A9E2F4C000251F3 /* AppDelegate.swift in Sources */ = {isa = PBXBuildFile; fileRef = E4F6C1EE2A9E2F4C000251F3 /* AppDelegate.swift */; };
		E4F6C1F12A9E2F4C000251F3 /* SceneDelegate.swift in Sources */ = {isa = PBXBuildFile; fileRef = E4F6C1F02A9E2F4C000251F3 /* SceneDelegate.swift */; };
		E4F6C1F32A9E2F4C000251F3 /* MainViewController.swift in Sources */ = {isa = PBXBuildFile; fileRef = E4F6C1F22A9E2F4C000251F3 /* MainViewController.swift */; };
		E4F6C1F82A9E2F4E000251F3 /* Assets.xcassets in Resources */ = {isa = PBXBuildFile; fileRef = E4F6C1F72A9E2F4E000251F3 /* Assets.xcassets */; };
		E4F6C1FB2A9E2F4E000251F3 /* LaunchScreen.storyboard in Resources */ = {isa = PBXBuildFile; fileRef = E4F6C1F92A9E2F4E000251F3 /* LaunchScreen.storyboard */; };
		E4F6C2082A9E3566000251F3 /* DetailsViewController.swift in Sources */ = {isa = PBXBuildFile; fileRef = E4F6C2072A9E3566000251F3 /* DetailsViewController.swift */; };
		E4F6C20A2A9E3636000251F3 /* MainViewModel.swift in Sources */ = {isa = PBXBuildFile; fileRef = E4F6C2092A9E3636000251F3 /* MainViewModel.swift */; };
		E4F6C20D2A9E3B26000251F3 /* FlightCell.swift in Sources */ = {isa = PBXBuildFile; fileRef = E4F6C20C2A9E3B26000251F3 /* FlightCell.swift */; };
		E4F6C2142A9E3E2A000251F3 /* Flight.swift in Sources */ = {isa = PBXBuildFile; fileRef = E4F6C2132A9E3E2A000251F3 /* Flight.swift */; };
		E4F6C2172A9E43DF000251F3 /* NetworkManager.swift in Sources */ = {isa = PBXBuildFile; fileRef = E4F6C2162A9E43DF000251F3 /* NetworkManager.swift */; };
/* End PBXBuildFile section */

/* Begin PBXFileReference section */
		E45563402AA07A72000307DE /* DetailsViewModel.swift */ = {isa = PBXFileReference; lastKnownFileType = sourcecode.swift; path = DetailsViewModel.swift; sourceTree = "<group>"; };
		E45563422AA09C0C000307DE /* DataManager.swift */ = {isa = PBXFileReference; lastKnownFileType = sourcecode.swift; path = DataManager.swift; sourceTree = "<group>"; };
		E4F6C1EB2A9E2F4C000251F3 /* TimeToTravel.app */ = {isa = PBXFileReference; explicitFileType = wrapper.application; includeInIndex = 0; path = TimeToTravel.app; sourceTree = BUILT_PRODUCTS_DIR; };
		E4F6C1EE2A9E2F4C000251F3 /* AppDelegate.swift */ = {isa = PBXFileReference; lastKnownFileType = sourcecode.swift; path = AppDelegate.swift; sourceTree = "<group>"; };
		E4F6C1F02A9E2F4C000251F3 /* SceneDelegate.swift */ = {isa = PBXFileReference; lastKnownFileType = sourcecode.swift; path = SceneDelegate.swift; sourceTree = "<group>"; };
		E4F6C1F22A9E2F4C000251F3 /* MainViewController.swift */ = {isa = PBXFileReference; lastKnownFileType = sourcecode.swift; path = MainViewController.swift; sourceTree = "<group>"; };
		E4F6C1F72A9E2F4E000251F3 /* Assets.xcassets */ = {isa = PBXFileReference; lastKnownFileType = folder.assetcatalog; path = Assets.xcassets; sourceTree = "<group>"; };
		E4F6C1FA2A9E2F4E000251F3 /* Base */ = {isa = PBXFileReference; lastKnownFileType = file.storyboard; name = Base; path = Base.lproj/LaunchScreen.storyboard; sourceTree = "<group>"; };
		E4F6C1FC2A9E2F4E000251F3 /* Info.plist */ = {isa = PBXFileReference; lastKnownFileType = text.plist.xml; path = Info.plist; sourceTree = "<group>"; };
		E4F6C2072A9E3566000251F3 /* DetailsViewController.swift */ = {isa = PBXFileReference; lastKnownFileType = sourcecode.swift; path = DetailsViewController.swift; sourceTree = "<group>"; };
		E4F6C2092A9E3636000251F3 /* MainViewModel.swift */ = {isa = PBXFileReference; lastKnownFileType = sourcecode.swift; path = MainViewModel.swift; sourceTree = "<group>"; };
		E4F6C20C2A9E3B26000251F3 /* FlightCell.swift */ = {isa = PBXFileReference; lastKnownFileType = sourcecode.swift; path = FlightCell.swift; sourceTree = "<group>"; };
		E4F6C2132A9E3E2A000251F3 /* Flight.swift */ = {isa = PBXFileReference; lastKnownFileType = sourcecode.swift; path = Flight.swift; sourceTree = "<group>"; };
		E4F6C2162A9E43DF000251F3 /* NetworkManager.swift */ = {isa = PBXFileReference; lastKnownFileType = sourcecode.swift; path = NetworkManager.swift; sourceTree = "<group>"; };
/* End PBXFileReference section */

/* Begin PBXFrameworksBuildPhase section */
		E4F6C1E82A9E2F4C000251F3 /* Frameworks */ = {
			isa = PBXFrameworksBuildPhase;
			buildActionMask = 2147483647;
			files = (
				E49126752A9E491A0042F687 /* Alamofire in Frameworks */,
			);
			runOnlyForDeploymentPostprocessing = 0;
		};
/* End PBXFrameworksBuildPhase section */

/* Begin PBXGroup section */
		E4F6C1E22A9E2F4C000251F3 = {
			isa = PBXGroup;
			children = (
				E4F6C1ED2A9E2F4C000251F3 /* TimeToTravel */,
				E4F6C1EC2A9E2F4C000251F3 /* Products */,
			);
			sourceTree = "<group>";
		};
		E4F6C1EC2A9E2F4C000251F3 /* Products */ = {
			isa = PBXGroup;
			children = (
				E4F6C1EB2A9E2F4C000251F3 /* TimeToTravel.app */,
			);
			name = Products;
			sourceTree = "<group>";
		};
		E4F6C1ED2A9E2F4C000251F3 /* TimeToTravel */ = {
			isa = PBXGroup;
			children = (
				E4F6C2022A9E348E000251F3 /* App */,
				E4F6C2052A9E352B000251F3 /* MainScreen */,
				E4F6C2062A9E354C000251F3 /* DetailsScreen */,
				E4F6C2122A9E3E13000251F3 /* Models */,
				E4F6C2152A9E43C6000251F3 /* Services */,
				E4F6C2032A9E34E0000251F3 /* Storyboards */,
				E4F6C2042A9E34E8000251F3 /* Resources */,
			);
			path = TimeToTravel;
			sourceTree = "<group>";
		};
		E4F6C2022A9E348E000251F3 /* App */ = {
			isa = PBXGroup;
			children = (
				E4F6C1EE2A9E2F4C000251F3 /* AppDelegate.swift */,
				E4F6C1F02A9E2F4C000251F3 /* SceneDelegate.swift */,
				E4F6C1FC2A9E2F4E000251F3 /* Info.plist */,
			);
			path = App;
			sourceTree = "<group>";
		};
		E4F6C2032A9E34E0000251F3 /* Storyboards */ = {
			isa = PBXGroup;
			children = (
				E4F6C1F92A9E2F4E000251F3 /* LaunchScreen.storyboard */,
			);
			path = Storyboards;
			sourceTree = "<group>";
		};
		E4F6C2042A9E34E8000251F3 /* Resources */ = {
			isa = PBXGroup;
			children = (
				E4F6C1F72A9E2F4E000251F3 /* Assets.xcassets */,
			);
			path = Resources;
			sourceTree = "<group>";
		};
		E4F6C2052A9E352B000251F3 /* MainScreen */ = {
			isa = PBXGroup;
			children = (
				E4F6C1F22A9E2F4C000251F3 /* MainViewController.swift */,
				E4F6C2092A9E3636000251F3 /* MainViewModel.swift */,
				E4F6C20B2A9E3AFB000251F3 /* Cells */,
			);
			path = MainScreen;
			sourceTree = "<group>";
		};
		E4F6C2062A9E354C000251F3 /* DetailsScreen */ = {
			isa = PBXGroup;
			children = (
				E4F6C2072A9E3566000251F3 /* DetailsViewController.swift */,
				E45563402AA07A72000307DE /* DetailsViewModel.swift */,
			);
			path = DetailsScreen;
			sourceTree = "<group>";
		};
		E4F6C20B2A9E3AFB000251F3 /* Cells */ = {
			isa = PBXGroup;
			children = (
				E4F6C20C2A9E3B26000251F3 /* FlightCell.swift */,
			);
			path = Cells;
			sourceTree = "<group>";
		};
		E4F6C2122A9E3E13000251F3 /* Models */ = {
			isa = PBXGroup;
			children = (
				E4F6C2132A9E3E2A000251F3 /* Flight.swift */,
			);
			path = Models;
			sourceTree = "<group>";
		};
		E4F6C2152A9E43C6000251F3 /* Services */ = {
			isa = PBXGroup;
			children = (
				E4F6C2162A9E43DF000251F3 /* NetworkManager.swift */,
				E45563422AA09C0C000307DE /* DataManager.swift */,
			);
			path = Services;
			sourceTree = "<group>";
		};
/* End PBXGroup section */

/* Begin PBXNativeTarget section */
		E4F6C1EA2A9E2F4C000251F3 /* TimeToTravel */ = {
			isa = PBXNativeTarget;
			buildConfigurationList = E4F6C1FF2A9E2F4E000251F3 /* Build configuration list for PBXNativeTarget "TimeToTravel" */;
			buildPhases = (
				E4F6C1E72A9E2F4C000251F3 /* Sources */,
				E4F6C1E82A9E2F4C000251F3 /* Frameworks */,
				E4F6C1E92A9E2F4C000251F3 /* Resources */,
			);
			buildRules = (
			);
			dependencies = (
			);
			name = TimeToTravel;
			packageProductDependencies = (
				E49126742A9E491A0042F687 /* Alamofire */,
			);
			productName = TimeToTravel;
			productReference = E4F6C1EB2A9E2F4C000251F3 /* TimeToTravel.app */;
			productType = "com.apple.product-type.application";
		};
/* End PBXNativeTarget section */

/* Begin PBXProject section */
		E4F6C1E32A9E2F4C000251F3 /* Project object */ = {
			isa = PBXProject;
			attributes = {
				BuildIndependentTargetsInParallel = 1;
				LastSwiftUpdateCheck = 1430;
				LastUpgradeCheck = 1430;
				TargetAttributes = {
					E4F6C1EA2A9E2F4C000251F3 = {
						CreatedOnToolsVersion = 14.3.1;
					};
				};
			};
			buildConfigurationList = E4F6C1E62A9E2F4C000251F3 /* Build configuration list for PBXProject "TimeToTravel" */;
			compatibilityVersion = "Xcode 14.0";
			developmentRegion = en;
			hasScannedForEncodings = 0;
			knownRegions = (
				en,
				Base,
			);
			mainGroup = E4F6C1E22A9E2F4C000251F3;
			packageReferences = (
				E49126732A9E491A0042F687 /* XCRemoteSwiftPackageReference "Alamofire" */,
			);
			productRefGroup = E4F6C1EC2A9E2F4C000251F3 /* Products */;
			projectDirPath = "";
			projectRoot = "";
			targets = (
				E4F6C1EA2A9E2F4C000251F3 /* TimeToTravel */,
			);
		};
/* End PBXProject section */

/* Begin PBXResourcesBuildPhase section */
		E4F6C1E92A9E2F4C000251F3 /* Resources */ = {
			isa = PBXResourcesBuildPhase;
			buildActionMask = 2147483647;
			files = (
				E4F6C1FB2A9E2F4E000251F3 /* LaunchScreen.storyboard in Resources */,
				E4F6C1F82A9E2F4E000251F3 /* Assets.xcassets in Resources */,
			);
			runOnlyForDeploymentPostprocessing = 0;
		};
/* End PBXResourcesBuildPhase section */

/* Begin PBXSourcesBuildPhase section */
		E4F6C1E72A9E2F4C000251F3 /* Sources */ = {
			isa = PBXSourcesBuildPhase;
			buildActionMask = 2147483647;
			files = (
				E4F6C2142A9E3E2A000251F3 /* Flight.swift in Sources */,
				E4F6C2172A9E43DF000251F3 /* NetworkManager.swift in Sources */,
				E4F6C20A2A9E3636000251F3 /* MainViewModel.swift in Sources */,
				E4F6C20D2A9E3B26000251F3 /* FlightCell.swift in Sources */,
				E4F6C1F32A9E2F4C000251F3 /* MainViewController.swift in Sources */,
				E4F6C1EF2A9E2F4C000251F3 /* AppDelegate.swift in Sources */,
				E45563412AA07A72000307DE /* DetailsViewModel.swift in Sources */,
				E45563432AA09C0C000307DE /* DataManager.swift in Sources */,
				E4F6C1F12A9E2F4C000251F3 /* SceneDelegate.swift in Sources */,
				E4F6C2082A9E3566000251F3 /* DetailsViewController.swift in Sources */,
			);
			runOnlyForDeploymentPostprocessing = 0;
		};
/* End PBXSourcesBuildPhase section */

/* Begin PBXVariantGroup section */
		E4F6C1F92A9E2F4E000251F3 /* LaunchScreen.storyboard */ = {
			isa = PBXVariantGroup;
			children = (
				E4F6C1FA2A9E2F4E000251F3 /* Base */,
			);
			name = LaunchScreen.storyboard;
			sourceTree = "<group>";
		};
/* End PBXVariantGroup section */

/* Begin XCBuildConfiguration section */
		E4F6C1FD2A9E2F4E000251F3 /* Debug */ = {
			isa = XCBuildConfiguration;
			buildSettings = {
				ALWAYS_SEARCH_USER_PATHS = NO;
				CLANG_ANALYZER_NONNULL = YES;
				CLANG_ANALYZER_NUMBER_OBJECT_CONVERSION = YES_AGGRESSIVE;
				CLANG_CXX_LANGUAGE_STANDARD = "gnu++20";
				CLANG_ENABLE_MODULES = YES;
				CLANG_ENABLE_OBJC_ARC = YES;
				CLANG_ENABLE_OBJC_WEAK = YES;
				CLANG_WARN_BLOCK_CAPTURE_AUTORELEASING = YES;
				CLANG_WARN_BOOL_CONVERSION = YES;
				CLANG_WARN_COMMA = YES;
				CLANG_WARN_CONSTANT_CONVERSION = YES;
				CLANG_WARN_DEPRECATED_OBJC_IMPLEMENTATIONS = YES;
				CLANG_WARN_DIRECT_OBJC_ISA_USAGE = YES_ERROR;
				CLANG_WARN_DOCUMENTATION_COMMENTS = YES;
				CLANG_WARN_EMPTY_BODY = YES;
				CLANG_WARN_ENUM_CONVERSION = YES;
				CLANG_WARN_INFINITE_RECURSION = YES;
				CLANG_WARN_INT_CONVERSION = YES;
				CLANG_WARN_NON_LITERAL_NULL_CONVERSION = YES;
				CLANG_WARN_OBJC_IMPLICIT_RETAIN_SELF = YES;
				CLANG_WARN_OBJC_LITERAL_CONVERSION = YES;
				CLANG_WARN_OBJC_ROOT_CLASS = YES_ERROR;
				CLANG_WARN_QUOTED_INCLUDE_IN_FRAMEWORK_HEADER = YES;
				CLANG_WARN_RANGE_LOOP_ANALYSIS = YES;
				CLANG_WARN_STRICT_PROTOTYPES = YES;
				CLANG_WARN_SUSPICIOUS_MOVE = YES;
				CLANG_WARN_UNGUARDED_AVAILABILITY = YES_AGGRESSIVE;
				CLANG_WARN_UNREACHABLE_CODE = YES;
				CLANG_WARN__DUPLICATE_METHOD_MATCH = YES;
				COPY_PHASE_STRIP = NO;
				DEBUG_INFORMATION_FORMAT = dwarf;
				ENABLE_STRICT_OBJC_MSGSEND = YES;
				ENABLE_TESTABILITY = YES;
				GCC_C_LANGUAGE_STANDARD = gnu11;
				GCC_DYNAMIC_NO_PIC = NO;
				GCC_NO_COMMON_BLOCKS = YES;
				GCC_OPTIMIZATION_LEVEL = 0;
				GCC_PREPROCESSOR_DEFINITIONS = (
					"DEBUG=1",
					"$(inherited)",
				);
				GCC_WARN_64_TO_32_BIT_CONVERSION = YES;
				GCC_WARN_ABOUT_RETURN_TYPE = YES_ERROR;
				GCC_WARN_UNDECLARED_SELECTOR = YES;
				GCC_WARN_UNINITIALIZED_AUTOS = YES_AGGRESSIVE;
				GCC_WARN_UNUSED_FUNCTION = YES;
				GCC_WARN_UNUSED_VARIABLE = YES;
				IPHONEOS_DEPLOYMENT_TARGET = 16.4;
				MTL_ENABLE_DEBUG_INFO = INCLUDE_SOURCE;
				MTL_FAST_MATH = YES;
				ONLY_ACTIVE_ARCH = YES;
				SDKROOT = iphoneos;
				SWIFT_ACTIVE_COMPILATION_CONDITIONS = DEBUG;
				SWIFT_OPTIMIZATION_LEVEL = "-Onone";
			};
			name = Debug;
		};
		E4F6C1FE2A9E2F4E000251F3 /* Release */ = {
			isa = XCBuildConfiguration;
			buildSettings = {
				ALWAYS_SEARCH_USER_PATHS = NO;
				CLANG_ANALYZER_NONNULL = YES;
				CLANG_ANALYZER_NUMBER_OBJECT_CONVERSION = YES_AGGRESSIVE;
				CLANG_CXX_LANGUAGE_STANDARD = "gnu++20";
				CLANG_ENABLE_MODULES = YES;
				CLANG_ENABLE_OBJC_ARC = YES;
				CLANG_ENABLE_OBJC_WEAK = YES;
				CLANG_WARN_BLOCK_CAPTURE_AUTORELEASING = YES;
				CLANG_WARN_BOOL_CONVERSION = YES;
				CLANG_WARN_COMMA = YES;
				CLANG_WARN_CONSTANT_CONVERSION = YES;
				CLANG_WARN_DEPRECATED_OBJC_IMPLEMENTATIONS = YES;
				CLANG_WARN_DIRECT_OBJC_ISA_USAGE = YES_ERROR;
				CLANG_WARN_DOCUMENTATION_COMMENTS = YES;
				CLANG_WARN_EMPTY_BODY = YES;
				CLANG_WARN_ENUM_CONVERSION = YES;
				CLANG_WARN_INFINITE_RECURSION = YES;
				CLANG_WARN_INT_CONVERSION = YES;
				CLANG_WARN_NON_LITERAL_NULL_CONVERSION = YES;
				CLANG_WARN_OBJC_IMPLICIT_RETAIN_SELF = YES;
				CLANG_WARN_OBJC_LITERAL_CONVERSION = YES;
				CLANG_WARN_OBJC_ROOT_CLASS = YES_ERROR;
				CLANG_WARN_QUOTED_INCLUDE_IN_FRAMEWORK_HEADER = YES;
				CLANG_WARN_RANGE_LOOP_ANALYSIS = YES;
				CLANG_WARN_STRICT_PROTOTYPES = YES;
				CLANG_WARN_SUSPICIOUS_MOVE = YES;
				CLANG_WARN_UNGUARDED_AVAILABILITY = YES_AGGRESSIVE;
				CLANG_WARN_UNREACHABLE_CODE = YES;
				CLANG_WARN__DUPLICATE_METHOD_MATCH = YES;
				COPY_PHASE_STRIP = NO;
				DEBUG_INFORMATION_FORMAT = "dwarf-with-dsym";
				ENABLE_NS_ASSERTIONS = NO;
				ENABLE_STRICT_OBJC_MSGSEND = YES;
				GCC_C_LANGUAGE_STANDARD = gnu11;
				GCC_NO_COMMON_BLOCKS = YES;
				GCC_WARN_64_TO_32_BIT_CONVERSION = YES;
				GCC_WARN_ABOUT_RETURN_TYPE = YES_ERROR;
				GCC_WARN_UNDECLARED_SELECTOR = YES;
				GCC_WARN_UNINITIALIZED_AUTOS = YES_AGGRESSIVE;
				GCC_WARN_UNUSED_FUNCTION = YES;
				GCC_WARN_UNUSED_VARIABLE = YES;
				IPHONEOS_DEPLOYMENT_TARGET = 16.4;
				MTL_ENABLE_DEBUG_INFO = NO;
				MTL_FAST_MATH = YES;
				SDKROOT = iphoneos;
				SWIFT_COMPILATION_MODE = wholemodule;
				SWIFT_OPTIMIZATION_LEVEL = "-O";
				VALIDATE_PRODUCT = YES;
			};
			name = Release;
		};
		E4F6C2002A9E2F4E000251F3 /* Debug */ = {
			isa = XCBuildConfiguration;
			buildSettings = {
				ASSETCATALOG_COMPILER_APPICON_NAME = AppIcon;
				ASSETCATALOG_COMPILER_GLOBAL_ACCENT_COLOR_NAME = AccentColor;
				CODE_SIGN_STYLE = Automatic;
				CURRENT_PROJECT_VERSION = 1;
				DEVELOPMENT_TEAM = X7QDNJU74Z;
				GENERATE_INFOPLIST_FILE = YES;
				INFOPLIST_FILE = TimeToTravel/App/Info.plist;
				INFOPLIST_KEY_UIApplicationSupportsIndirectInputEvents = YES;
				INFOPLIST_KEY_UILaunchStoryboardName = LaunchScreen;
				INFOPLIST_KEY_UIStatusBarStyle = UIStatusBarStyleLightContent;
				INFOPLIST_KEY_UISupportedInterfaceOrientations = UIInterfaceOrientationPortrait;
				IPHONEOS_DEPLOYMENT_TARGET = 16.4;
				LD_RUNPATH_SEARCH_PATHS = (
					"$(inherited)",
					"@executable_path/Frameworks",
				);
				MARKETING_VERSION = 1.0;
				PRODUCT_BUNDLE_IDENTIFIER = "Ruslan-Shigapov.TimeToTravel";
				PRODUCT_NAME = "$(TARGET_NAME)";
				SUPPORTED_PLATFORMS = "iphoneos iphonesimulator";
				SUPPORTS_MACCATALYST = NO;
				SUPPORTS_MAC_DESIGNED_FOR_IPHONE_IPAD = NO;
				SWIFT_EMIT_LOC_STRINGS = YES;
				SWIFT_VERSION = 5.0;
				TARGETED_DEVICE_FAMILY = 1;
			};
			name = Debug;
		};
		E4F6C2012A9E2F4E000251F3 /* Release */ = {
			isa = XCBuildConfiguration;
			buildSettings = {
				ASSETCATALOG_COMPILER_APPICON_NAME = AppIcon;
				ASSETCATALOG_COMPILER_GLOBAL_ACCENT_COLOR_NAME = AccentColor;
				CODE_SIGN_STYLE = Automatic;
				CURRENT_PROJECT_VERSION = 1;
				DEVELOPMENT_TEAM = X7QDNJU74Z;
				GENERATE_INFOPLIST_FILE = YES;
				INFOPLIST_FILE = TimeToTravel/App/Info.plist;
				INFOPLIST_KEY_UIApplicationSupportsIndirectInputEvents = YES;
				INFOPLIST_KEY_UILaunchStoryboardName = LaunchScreen;
				INFOPLIST_KEY_UIStatusBarStyle = UIStatusBarStyleLightContent;
				INFOPLIST_KEY_UISupportedInterfaceOrientations = UIInterfaceOrientationPortrait;
				IPHONEOS_DEPLOYMENT_TARGET = 16.4;
				LD_RUNPATH_SEARCH_PATHS = (
					"$(inherited)",
					"@executable_path/Frameworks",
				);
				MARKETING_VERSION = 1.0;
				PRODUCT_BUNDLE_IDENTIFIER = "Ruslan-Shigapov.TimeToTravel";
				PRODUCT_NAME = "$(TARGET_NAME)";
				SUPPORTED_PLATFORMS = "iphoneos iphonesimulator";
				SUPPORTS_MACCATALYST = NO;
				SUPPORTS_MAC_DESIGNED_FOR_IPHONE_IPAD = NO;
				SWIFT_EMIT_LOC_STRINGS = YES;
				SWIFT_VERSION = 5.0;
				TARGETED_DEVICE_FAMILY = 1;
			};
			name = Release;
		};
/* End XCBuildConfiguration section */

/* Begin XCConfigurationList section */
		E4F6C1E62A9E2F4C000251F3 /* Build configuration list for PBXProject "TimeToTravel" */ = {
			isa = XCConfigurationList;
			buildConfigurations = (
				E4F6C1FD2A9E2F4E000251F3 /* Debug */,
				E4F6C1FE2A9E2F4E000251F3 /* Release */,
			);
			defaultConfigurationIsVisible = 0;
			defaultConfigurationName = Release;
		};
		E4F6C1FF2A9E2F4E000251F3 /* Build configuration list for PBXNativeTarget "TimeToTravel" */ = {
			isa = XCConfigurationList;
			buildConfigurations = (
				E4F6C2002A9E2F4E000251F3 /* Debug */,
				E4F6C2012A9E2F4E000251F3 /* Release */,
			);
			defaultConfigurationIsVisible = 0;
			defaultConfigurationName = Release;
		};
/* End XCConfigurationList section */

/* Begin XCRemoteSwiftPackageReference section */
		E49126732A9E491A0042F687 /* XCRemoteSwiftPackageReference "Alamofire" */ = {
			isa = XCRemoteSwiftPackageReference;
			repositoryURL = "https://github.com/Alamofire/Alamofire.git";
			requirement = {
				kind = upToNextMajorVersion;
				minimumVersion = 5.0.0;
			};
		};
/* End XCRemoteSwiftPackageReference section */

/* Begin XCSwiftPackageProductDependency section */
		E49126742A9E491A0042F687 /* Alamofire */ = {
			isa = XCSwiftPackageProductDependency;
			package = E49126732A9E491A0042F687 /* XCRemoteSwiftPackageReference "Alamofire" */;
			productName = Alamofire;
		};
/* End XCSwiftPackageProductDependency section */
	};
	rootObject = E4F6C1E32A9E2F4C000251F3 /* Project object */;
}
